
Microsoft Visual Studio Solution File, Format Version 12.00
# Visual Studio Version 17
VisualStudioVersion = 17.13.35931.197 d17.13
MinimumVisualStudioVersion = 10.0.40219.1
Project("{FAE04EC0-301F-11D3-BF4B-00C04F79EFBC}") = "Fgr_A_P", "Fgr_A_P\Fgr_A_P.csproj", "{AE6F4587-365D-4C41-BE90-7C421560C0EF}"
EndProject
Global
	GlobalSection(SolutionConfigurationPlatforms) = preSolution
		Debug|Any CPU = Debug|Any CPU
		Release|Any CPU = Release|Any CPU
	EndGlobalSection
	GlobalSection(ProjectConfigurationPlatforms) = postSolution
		{AE6F4587-365D-4C41-BE90-7C421560C0EF}.Debug|Any CPU.ActiveCfg = Debug|Any CPU
		{AE6F4587-365D-4C41-BE90-7C421560C0EF}.Debug|Any CPU.Build.0 = Debug|Any CPU
		{AE6F4587-365D-4C41-BE90-7C421560C0EF}.Release|Any CPU.ActiveCfg = Release|Any CPU
		{AE6F4587-365D-4C41-BE90-7C421560C0EF}.Release|Any CPU.Build.0 = Release|Any CPU
	EndGlobalSection
	GlobalSection(SolutionProperties) = preSolution
		HideSolutionNode = FALSE
	EndGlobalSection
	GlobalSection(ExtensibilityGlobals) = postSolution
		SolutionGuid = {1268F103-3081-4B2E-AD2C-0CEA206A82BC}
	EndGlobalSection
EndGlobal
